
Microsoft Visual Studio Solution File, Format Version 12.00
# Visual Studio 14
VisualStudioVersion = 14.0.25420.1
MinimumVisualStudioVersion = 10.0.40219.1
Project("{FAE04EC0-301F-11D3-BF4B-00C04F79EFBC}") = "CPRUserControl", "CPRUserControl\CPRUserControl.csproj", "{1FA9A571-0B64-4BA5-AD7B-DF3C086D35C8}"
EndProject
Project("{FAE04EC0-301F-11D3-BF4B-00C04F79EFBC}") = "CPRControl", "CPRControl\CPRControl.csproj", "{C987F6D9-647F-4FB3-ABC7-BC70EE81C715}"
EndProject
Global
	GlobalSection(SolutionConfigurationPlatforms) = preSolution
		Debug|Any CPU = Debug|Any CPU
		Release|Any CPU = Release|Any CPU
	EndGlobalSection
	GlobalSection(ProjectConfigurationPlatforms) = postSolution
		{1FA9A571-0B64-4BA5-AD7B-DF3C086D35C8}.Debug|Any CPU.ActiveCfg = Debug|Any CPU
		{1FA9A571-0B64-4BA5-AD7B-DF3C086D35C8}.Debug|Any CPU.Build.0 = Debug|Any CPU
		{1FA9A571-0B64-4BA5-AD7B-DF3C086D35C8}.Release|Any CPU.ActiveCfg = Release|Any CPU
		{1FA9A571-0B64-4BA5-AD7B-DF3C086D35C8}.Release|Any CPU.Build.0 = Release|Any CPU
		{C987F6D9-647F-4FB3-ABC7-BC70EE81C715}.Debug|Any CPU.ActiveCfg = Debug|Any CPU
		{C987F6D9-647F-4FB3-ABC7-BC70EE81C715}.Debug|Any CPU.Build.0 = Debug|Any CPU
		{C987F6D9-647F-4FB3-ABC7-BC70EE81C715}.Release|Any CPU.ActiveCfg = Release|Any CPU
		{C987F6D9-647F-4FB3-ABC7-BC70EE81C715}.Release|Any CPU.Build.0 = Release|Any CPU
	EndGlobalSection
	GlobalSection(SolutionProperties) = preSolution
		HideSolutionNode = FALSE
	EndGlobalSection
EndGlobal
